{
    "_meta": {
        "hash": {
            "sha256": "f86b4789a73baefacf49989f2d899caa062ca4dcdd959f4a26f62f648fc4cd14"
        },
        "pipfile-spec": 6,
        "requires": {},
        "sources": [
            {
                "name": "pypi",
                "url": "https://pypi.org/simple",
                "verify_ssl": true
            }
        ]
    },
    "default": {
        "amqp": {
            "hashes": [
                "sha256:43b3319e1b4e7d1251833a93d672b4af1e40f3d632d479b98661a95f117880a2",
                "sha256:cddc00c725449522023bad949f70fff7b48f0b1ade74d170a6f10ab044739432"
            ],
            "markers": "python_version >= '3.6'",
            "version": "==5.3.1"
        },
        "asgiref": {
            "hashes": [
                "sha256:71e68008da809b957b7ee4b43dbccff33d1b23519fb8344e33f049897077afac",
                "sha256:9567dfe7bd8d3c8c892227827c41cce860b368104c3431da67a0c5a65a949506"
            ],
            "index": "pypi",
            "markers": "python_version >= '3.7'",
            "version": "==3.6.0"
        },
        "billiard": {
            "hashes": [
                "sha256:525b42bdec68d2b983347ac312f892db930858495db601b5836ac24e6477cde5",
                "sha256:55f542c371209e03cd5862299b74e52e4fbcba8250ba611ad94276b369b6a85f"
            ],
            "markers": "python_version >= '3.7'",
            "version": "==4.2.4"
        },
        "boto3": {
            "hashes": [
                "sha256:0e966b8a475ecb06cc0846304454b8da2473d4c8198a45dfb2c5304871986883",
                "sha256:5f278b95fb2b32f3d09d950759a05664357ba35d81107bab1537c4ddd212cd8c"
            ],
            "index": "pypi",
            "markers": "python_version >= '3.7'",
            "version": "==1.33.13"
        },
        "botocore": {
            "hashes": [
                "sha256:aeadccf4b7c674c7d47e713ef34671b834bc3e89723ef96d994409c9f54666e6",
                "sha256:fb577f4cb175605527458b04571451db1bd1a2036976b626206036acd4496617"
            ],
            "index": "pypi",
            "markers": "python_version >= '3.7'",
            "version": "==1.33.13"
        },
        "celery": {
            "hashes": [
                "sha256:369631eb580cf8c51a82721ec538684994f8277637edde2dfc0dacd73ed97f64",
                "sha256:504a19140e8d3029d5acad88330c541d4c3f64c789d85f94756762d8bca7e706"
            ],
            "index": "pypi",
            "markers": "python_version >= '3.8'",
            "version": "==5.4.0"
        },
        "certifi": {
            "hashes": [
                "sha256:35824b4c3a97115964b408844d64aa14db1cc518f6562e8d7261699d1350a9e3",
                "sha256:4ad3232f5e926d6718ec31cfc1fcadfde020920e278684144551c91769c7bc18"
            ],
            "index": "pypi",
            "markers": "python_version >= '3.6'",
            "version": "==2022.12.7"
        },
        "charset-normalizer": {
            "hashes": [
                "sha256:04afa6387e2b282cf78ff3dbce20f0cc071c12dc8f685bd40960cc68644cfea6",
                "sha256:04eefcee095f58eaabe6dc3cc2262f3bcd776d2c67005880894f447b3f2cb9c1",
                "sha256:0be65ccf618c1e7ac9b849c315cc2e8a8751d9cfdaa43027d4f6624bd587ab7e",
                "sha256:0c95f12b74681e9ae127728f7e5409cbbef9cd914d5896ef238cc779b8152373",
                "sha256:0ca564606d2caafb0abe6d1b5311c2649e8071eb241b2d64e75a0d0065107e62",
                "sha256:10c93628d7497c81686e8e5e557aafa78f230cd9e77dd0c40032ef90c18f2230",
                "sha256:11d117e6c63e8f495412d37e7dc2e2fff09c34b2d09dbe2bee3c6229577818be",
                "sha256:11d3bcb7be35e7b1bba2c23beedac81ee893ac9871d0ba79effc7fc01167db6c",
                "sha256:12a2b561af122e3d94cdb97fe6fb2bb2b82cef0cdca131646fdb940a1eda04f0",
                "sha256:12d1a39aa6b8c6f6248bb54550efcc1c38ce0d8096a146638fd4738e42284448",
                "sha256:1435ae15108b1cb6fffbcea2af3d468683b7afed0169ad718451f8db5d1aff6f",
                "sha256:1c60b9c202d00052183c9be85e5eaf18a4ada0a47d188a83c8f5c5b23252f649",
                "sha256:1e8fcdd8f672a1c4fc8d0bd3a2b576b152d2a349782d1eb0f6b8e52e9954731d",
                "sha256:20064ead0717cf9a73a6d1e779b23d149b53daf971169289ed2ed43a71e8d3b0",
                "sha256:21fa558996782fc226b529fdd2ed7866c2c6ec91cee82735c98a197fae39f706",
                "sha256:22908891a380d50738e1f978667536f6c6b526a2064156203d418f4856d6e86a",
                "sha256:3160a0fd9754aab7d47f95a6b63ab355388d890163eb03b2d2b87ab0a30cfa59",
                "sha256:322102cdf1ab682ecc7d9b1c5eed4ec59657a65e1c146a0da342b78f4112db23",
                "sha256:34e0a2f9c370eb95597aae63bf85eb5e96826d81e3dcf88b8886012906f509b5",
                "sha256:3573d376454d956553c356df45bb824262c397c6e26ce43e8203c4c540ee0acb",
                "sha256:3747443b6a904001473370d7810aa19c3a180ccd52a7157aacc264a5ac79265e",
                "sha256:38e812a197bf8e71a59fe55b757a84c1f946d0ac114acafaafaf21667a7e169e",
                "sha256:3a06f32c9634a8705f4ca9946d667609f52cf130d5548881401f1eb2c39b1e2c",
                "sha256:3a5fc78f9e3f501a1614a98f7c54d3969f3ad9bba8ba3d9b438c3bc5d047dd28",
                "sha256:3d9098b479e78c85080c98e1e35ff40b4a31d8953102bb0fd7d1b6f8a2111a3d",
                "sha256:3dc5b6a8ecfdc5748a7e429782598e4f17ef378e3e272eeb1340ea57c9109f41",
                "sha256:4155b51ae05ed47199dc5b2a4e62abccb274cee6b01da5b895099b61b1982974",
                "sha256:49919f8400b5e49e961f320c735388ee686a62327e773fa5b3ce6721f7e785ce",
                "sha256:53d0a3fa5f8af98a1e261de6a3943ca631c526635eb5817a87a59d9a57ebf48f",
                "sha256:5f008525e02908b20e04707a4f704cd286d94718f48bb33edddc7d7b584dddc1",
                "sha256:628c985afb2c7d27a4800bfb609e03985aaecb42f955049957814e0491d4006d",
                "sha256:65ed923f84a6844de5fd29726b888e58c62820e0769b76565480e1fdc3d062f8",
                "sha256:6734e606355834f13445b6adc38b53c0fd45f1a56a9ba06c2058f86893ae8017",
                "sha256:6baf0baf0d5d265fa7944feb9f7451cc316bfe30e8df1a61b1bb08577c554f31",
                "sha256:6f4f4668e1831850ebcc2fd0b1cd11721947b6dc7c00bf1c6bd3c929ae14f2c7",
                "sha256:6f5c2e7bc8a4bf7c426599765b1bd33217ec84023033672c1e9a8b35eaeaaaf8",
                "sha256:6f6c7a8a57e9405cad7485f4c9d3172ae486cfef1344b5ddd8e5239582d7355e",
                "sha256:7381c66e0561c5757ffe616af869b916c8b4e42b367ab29fedc98481d1e74e14",
                "sha256:73dc03a6a7e30b7edc5b01b601e53e7fc924b04e1835e8e407c12c037e81adbd",
                "sha256:74db0052d985cf37fa111828d0dd230776ac99c740e1a758ad99094be4f1803d",
                "sha256:75f2568b4189dda1c567339b48cba4ac7384accb9c2a7ed655cd86b04055c795",
                "sha256:78cacd03e79d009d95635e7d6ff12c21eb89b894c354bd2b2ed0b4763373693b",
                "sha256:80d1543d58bd3d6c271b66abf454d437a438dff01c3e62fdbcd68f2a11310d4b",
                "sha256:830d2948a5ec37c386d3170c483063798d7879037492540f10a475e3fd6f244b",
                "sha256:891cf9b48776b5c61c700b55a598621fdb7b1e301a550365571e9624f270c203",
                "sha256:8f25e17ab3039b05f762b0a55ae0b3632b2e073d9c8fc88e89aca31a6198e88f",
                "sha256:9a3267620866c9d17b959a84dd0bd2d45719b817245e49371ead79ed4f710d19",
                "sha256:a04f86f41a8916fe45ac5024ec477f41f886b3c435da2d4e3d2709b22ab02af1",
                "sha256:aaf53a6cebad0eae578f062c7d462155eada9c172bd8c4d250b8c1d8eb7f916a",
                "sha256:abc1185d79f47c0a7aaf7e2412a0eb2c03b724581139193d2d82b3ad8cbb00ac",
                "sha256:ac0aa6cd53ab9a31d397f8303f92c42f534693528fafbdb997c82bae6e477ad9",
                "sha256:ac3775e3311661d4adace3697a52ac0bab17edd166087d493b52d4f4f553f9f0",
                "sha256:b06f0d3bf045158d2fb8837c5785fe9ff9b8c93358be64461a1089f5da983137",
                "sha256:b116502087ce8a6b7a5f1814568ccbd0e9f6cfd99948aa59b0e241dc57cf739f",
                "sha256:b82fab78e0b1329e183a65260581de4375f619167478dddab510c6c6fb04d9b6",
                "sha256:bd7163182133c0c7701b25e604cf1611c0d87712e56e88e7ee5d72deab3e76b5",
                "sha256:c36bcbc0d5174a80d6cccf43a0ecaca44e81d25be4b7f90f0ed7bcfbb5a00909",
                "sha256:c3af8e0f07399d3176b179f2e2634c3ce9c1301379a6b8c9c9aeecd481da494f",
                "sha256:c84132a54c750fda57729d1e2599bb598f5fa0344085dbde5003ba429a4798c0",
                "sha256:cb7b2ab0188829593b9de646545175547a70d9a6e2b63bf2cd87a0a391599324",
                "sha256:cca4def576f47a09a943666b8f829606bcb17e2bc2d5911a46c8f8da45f56755",
                "sha256:cf6511efa4801b9b38dc5546d7547d5b5c6ef4b081c60b23e4d941d0eba9cbeb",
                "sha256:d16fd5252f883eb074ca55cb622bc0bee49b979ae4e8639fff6ca3ff44f9f854",
                "sha256:d2686f91611f9e17f4548dbf050e75b079bbc2a82be565832bc8ea9047b61c8c",
                "sha256:d7fc3fca01da18fbabe4625d64bb612b533533ed10045a2ac3dd194bfa656b60",
                "sha256:dd5653e67b149503c68c4018bf07e42eeed6b4e956b24c00ccdf93ac79cdff84",
                "sha256:de5695a6f1d8340b12a5d6d4484290ee74d61e467c39ff03b39e30df62cf83a0",
                "sha256:e0ac8959c929593fee38da1c2b64ee9778733cdf03c482c9ff1d508b6b593b2b",
                "sha256:e1b25e3ad6c909f398df8921780d6a3d120d8c09466720226fc621605b6f92b1",
                "sha256:e633940f28c1e913615fd624fcdd72fdba807bf53ea6925d6a588e84e1151531",
                "sha256:e89df2958e5159b811af9ff0f92614dabf4ff617c03a4c1c6ff53bf1c399e0e1",
                "sha256:ea9f9c6034ea2d93d9147818f17c2a0860d41b71c38b9ce4d55f21b6f9165a11",
                "sha256:f645caaf0008bacf349875a974220f1f1da349c5dbe7c4ec93048cdc785a3326",
                "sha256:f8303414c7b03f794347ad062c0516cee0e15f7a612abd0ce1e25caf6ceb47df",
                "sha256:fca62a8301b605b954ad2e9c3666f9d97f63872aa4efcae5492baca2056b74ab"
            ],
            "index": "pypi",
            "markers": "python_full_version >= '3.7.0'",
            "version": "==3.1.0"
        },
        "click": {
            "hashes": [
                "sha256:14162b8b3b3550a7d479eafa77dfd3c38d9dc8951f6f69c78913a8f9a7540fd5",
                "sha256:1924d2c27c5653561cd2cae4548d1406039cb79b858b747cfea24924bbc1616d"
            ],
            "markers": "python_version >= '3.10'",
            "version": "==8.3.2"
        },
        "click-didyoumean": {
            "hashes": [
                "sha256:4f82fdff0dbe64ef8ab2279bd6aa3f6a99c3b28c05aa09cbfc07c9d7fbb5a463",
                "sha256:5c4bb6007cfea5f2fd6583a2fb6701a22a41eb98957e63d0fac41c10e7c3117c"
            ],
            "markers": "python_full_version >= '3.6.2'",
            "version": "==0.3.1"
        },
        "click-plugins": {
            "hashes": [
                "sha256:008d65743833ffc1f5417bf0e78e8d2c23aab04d9745ba817bd3e71b0feb6aa6",
                "sha256:d7af3984a99d243c131aa1a828331e7630f4a88a9741fd05c927b204bcf92261"
            ],
            "version": "==1.1.1.2"
        },
        "click-repl": {
            "hashes": [
                "sha256:17849c23dba3d667247dc4defe1757fff98694e90fe37474f3feebb69ced26a9",
                "sha256:fb7e06deb8da8de86180a33a9da97ac316751c094c6899382da7feeeeb51b812"
            ],
            "markers": "python_version >= '3.6'",
            "version": "==0.3.0"
        },
        "cloudinary": {
            "hashes": [
                "sha256:62d4374b79d5476de2a86cb6a1da709a5429e02aef474bfc5d99f3e38a1a62ff",
                "sha256:b4785031179a5ec7010f46665e5c8fad2cae022c18405546f01d257e02f78b1c"
            ],
            "index": "pypi",
            "version": "==1.44.1"
        },
        "decouple": {
            "hashes": [
                "sha256:c253c1cc62b76e9720a066f334552548c6de1884bc3bdf456ddb62d61b867b09"
            ],
            "index": "pypi",
            "markers": "python_version >= '3.7'",
            "version": "==0.0.7"
        },
        "dj-database-url": {
            "hashes": [
                "sha256:3e792567b0aa9a4884860af05fe2aa4968071ad351e033b6db632f97ac6db9de",
                "sha256:9f9b05058ddf888f1e6f840048b8d705ff9395e3b52a07165daa3d8b9360551b"
            ],
            "index": "pypi",
            "version": "==2.2.0"
        },
        "django": {
            "hashes": [
                "sha256:4d07aaf1c62f9984842b67c2874ebbf7056a17be253860299b93ae1881faad65",
                "sha256:4ebc7a434e3819db6cf4b399fb5b3f536310a30e8486f08b66886840be84b37c"
            ],
            "index": "pypi",
            "markers": "python_version >= '3.8'",
            "version": "==4.2.30"
        },
        "django-admin-honeypot": {
            "hashes": [
                "sha256:88e72753f5cbda88d909292d9f3fe7741fb74a8afad083f96e86114238f9b364",
                "sha256:e18a52832b82740917737873c6f34117d15631565e9e4b7dbb9df48a29250796"
            ],
            "index": "pypi",
            "version": "==1.1.0"
        },
        "django-admin-thumbnails": {
            "hashes": [
                "sha256:34aba117aef64c05d1a00193e4431f4033d8ec662a1b696c6e23e4168327def4"
            ],
            "index": "pypi",
            "markers": "python_version >= '2.6' and python_version < '4'",
            "version": "==0.2.6"
        },
        "django-cloudinary-storage": {
            "hashes": [
                "sha256:95c855c7334141b2a485ea7eb5716de87bb6ce0d848e205debb3a3ab7bbbd49a",
                "sha256:debd403a5f225c9d35c4af508ff4abc7fdc262129464134b60b2feeb2c44d3e1"
            ],
            "index": "pypi",
            "version": "==0.3.0"
        },
        "django-ipware": {
            "hashes": [
                "sha256:4fa5607ee85e12ee5e158bc7569ff1e134fb1579681aa1ff3f0ed04be21be153",
                "sha256:80b52a3f571a371519cc552798f1015b934dd5dd7738bfad87e101e861bd21b8"
            ],
            "index": "pypi",
            "markers": "python_version >= '3.7'",
            "version": "==5.0.0"
        },
        "django-jazzmin": {
            "hashes": [
                "sha256:5bb07055cf19183030724f976904fd8b6337559727959340a43832fab0531812",
                "sha256:fb554c2d564649c65243b13385121fdbdda58521f49544f9d7cb9c414a4908d4"
            ],
            "index": "pypi",
            "markers": "python_full_version >= '3.6.2'",
            "version": "==2.6.0"
        },
        "django-redis": {
            "hashes": [
                "sha256:20bf0063a8abee567eb5f77f375143c32810c8700c0674ced34737f8de4e36c0",
                "sha256:2d9cb12a20424a4c4dde082c6122f486628bae2d9c2bee4c0126a4de7fda00dd"
            ],
            "index": "pypi",
            "markers": "python_version >= '3.9'",
            "version": "==6.0.0"
        },
        "django-session-timeout": {
            "hashes": [
                "sha256:648fe4ffa762f3bb62ce7a9ed1bbba8e37648158d555f18a880471982941084c",
                "sha256:e01b2502d4b9995edb93be1a66f304d0314cecb4f671ddc26cb4525a07e56282"
            ],
            "index": "pypi",
            "version": "==0.1.0"
        },
        "django-storages": {
            "hashes": [
                "sha256:1db759346b52ada6c2efd9f23d8241ecf518813eb31db9e2589207174f58f6ad",
                "sha256:51b36af28cc5813b98d5f3dfe7459af638d84428c8df4a03990c7d74d1bea4e5"
            ],
            "index": "pypi",
            "markers": "python_version >= '3.7'",
            "version": "==1.14.2"
        },
        "gunicorn": {
            "hashes": [
                "sha256:9dcc4547dbb1cb284accfb15ab5667a0e5d1881cc443e0677b4882a4067a807e",
                "sha256:e0a968b5ba15f8a328fdfd7ab1fcb5af4470c28aaf7e55df02a99bc13138e6e8"
            ],
            "index": "pypi",
            "markers": "python_version >= '3.5'",
            "version": "==20.1.0"
        },
        "idna": {
            "hashes": [
                "sha256:814f528e8dead7d329833b91c5faa87d60bf71824cd12a7530b5526063d02cb4",
                "sha256:90b77e79eaa3eba6de819a0c442c0b4ceefc341a7a2ab77d7562bf49f425c5c2"
            ],
            "index": "pypi",
            "markers": "python_version >= '3.5'",
            "version": "==3.4"
        },
        "jmespath": {
            "hashes": [
                "sha256:02e2e4cc71b5bcab88332eebf907519190dd9e6e82107fa7f83b1003a6252980",
                "sha256:90261b206d6defd58fdd5e85f478bf633a2901798906be2ad389150c5c60edbe"
            ],
            "index": "pypi",
            "markers": "python_version >= '3.7'",
            "version": "==1.0.1"
        },
        "kombu": {
            "hashes": [
                "sha256:14212f5ccf022fc0a70453bb025a1dcc32782a588c49ea866884047d66e14763",
                "sha256:eef572dd2fd9fc614b37580e3caeafdd5af46c1eff31e7fba89138cdb406f2cf"
            ],
            "markers": "python_version >= '3.8'",
            "version": "==5.4.2"
        },
        "pillow": {
            "hashes": [
                "sha256:02f84dfad02693676692746df05b89cf25597560db2857363a208e393429f5e9",
                "sha256:0330d233c1a0ead844fc097a7d16c0abff4c12e856c0b325f231820fee1f39da",
                "sha256:03edcc34d688572014ff223c125a3f77fb08091e4607e7745002fc214070b35f",
                "sha256:097690ba1f2efdeb165a20469d59d8bb03c55fb6621eb2041a060ae8ea3e9642",
                "sha256:178aa072084bd88ec759052feca8e56cbb14a60b39322b99a049e58090479713",
                "sha256:18e5bddd742a44b7e6b1e773ab5db102bd7a94c32555ba656e76d319d19c3850",
                "sha256:1a9b0ee305220b392e1124a764ee4265bd063e54a751a6b62eff69992f457fa9",
                "sha256:1f1625b72740fdda5d77b4def688eb8fd6490975d06b909fd19f13f391e077e0",
                "sha256:1f1be78ce9466a7ee64bfda57bdba0f7cc499d9794d518b854816c41bf0aa4e9",
                "sha256:1f90cff8aa76835cba5769f0b3121a22bd4eb9e6884cfe338216e557a9a548b8",
                "sha256:21329ec8c96c6e979cd0dfd29406c40c1d52521a90544463057d2aaa937d66a6",
                "sha256:2815a87ab27848db0321fb78c7f0b2c8649dee134b7f2b80c6a45c6831d75ccd",
                "sha256:2c1fc0f2ca5f96a3c8407e41cca26a16e46b21060fe6d5b099d2cb01412222f5",
                "sha256:2e0c664be47252947d870ac0d327fea7e63985a08794758aa8af5b6cb6ec0c9c",
                "sha256:339ffdcb7cbeaa08221cd401d517d4b1fe7a9ed5d400e4a8039719238620ca35",
                "sha256:344cf1e3dab3be4b1fa08e449323d98a2a3f819ad20f4b22e77a0ede31f0faa1",
                "sha256:36341d06738a9f66c8287cf8b876d24b18db9bd8740fa0672c74e259ad408cff",
                "sha256:365b10bb9417dd4498c0e3b128018c4a624dc11c7b97d8cc54effe3b096f4c38",
                "sha256:3a5cbdcddad0af3da87cb16b60d23648bc3b51967eb07223e9fed77a82b457c4",
                "sha256:417423db963cb4be8bac3fc1204fe61610f6abeed1580a7a2cbb2fbda20f12af",
                "sha256:42fc1f4677106188ad9a55562bbade416f8b55456f522430fadab3cef7cd4e60",
                "sha256:44ce27545b6efcf0fdbdceb31c9a5bdea9333e664cda58a7e674bb74608b3986",
                "sha256:472a8d7ded663e6162dafdf20015c486a7009483ca671cece7a9279b512fcb13",
                "sha256:47b94983da0c642de92ced1702c5b6c292a84bd3a8e1d1702ff923f183594717",
                "sha256:495c302af3aad1ca67420ddd5c7bd480c8867ad173528767d906428057a11f0e",
                "sha256:4ceb838d4bd9dab43e06c363cab2eebf63846d6a4aeaea283bbdfd8f1a8ed58b",
                "sha256:50480dcd74fa63b8e78235957d302d98d98d82ccbfac4c7e12108ba9ecbdba15",
                "sha256:518a48c2aab7ce596d3bf79d0e275661b846e86e4d0e7dec34712c30fe07f02a",
                "sha256:559b38da23606e68681337ad74622c4dbba02254fc9cb4488a305dd5975c7eeb",
                "sha256:578510d88c6229d735855e1f278aa305270438d36a05031dfaae5067cc8eb04d",
                "sha256:597bd9c8419bc7c6af5604e55847789b69123bbe25d65cc6ad3012b4f3c98d8b",
                "sha256:5a8eb7ed8d4198bccbd07058416eeec51686b498e784eda166395a23eb99138e",
                "sha256:5c0dd1636633e7e6a0afe7bf6a51a14992b7f8e60de5789018ebbdfae55b040a",
                "sha256:5cb1785d97b0c3d1d1a16bc1d710c4a0049daefc4935f3a8f31f827f4d3d2e7f",
                "sha256:5d1f9575a12bed9e9eedd9a4972834b08c97a352bd17955ccdebfeca5913fa0a",
                "sha256:5d8c41325b382c07799a3682c1c258469ea2ff97103c53717b7893862d0c98ce",
                "sha256:5dae5f21afb91322f2ff791895ddd8889e5e947ff59f71b46041c8ce6db790bc",
                "sha256:600fd103672b925fe62ed08e0d874ea34d692474df6f4bf7ebe148b30f89f39f",
                "sha256:6408a7b064595afcab0a49393a413732a35788f2a5092fdc6266952ed67de586",
                "sha256:652a2c9ccfb556235b2b501a3a7cf3742148cd22e04b5625c5fe057ea3e3191f",
                "sha256:665e1b916b043cef294bc54d47bf02d87e13f769bc4bc5fa225a24b3a6c5aca9",
                "sha256:691ab2ac363b8217f7d31b3497108fb1f50faab2f75dfb03284ec2f217e87bf8",
                "sha256:6c52f062424c523d6c4db85518774cc3d50f5539dd6eed32b8f6229b26f24d40",
                "sha256:6c6db3b84c87d48d0088943bf33440e0c42370b99b1c2a7989216f7b42eede60",
                "sha256:7311c0a0dcadb89b36b7025dfd8326ecfa36964e29913074d47382706e516a7c",
                "sha256:7aac39bcf8d4770d089588a2e1dd111cbaa42df5a94be3114222057d68336bd0",
                "sha256:7b03048319bfc6170e93bd60728a1af51d3dd7704935feb228c4d4faab35d334",
                "sha256:7e7976bf1910a8116b523b9f9f58bf410f3e8aa330cd9a2bb2953f9266ab49af",
                "sha256:8089c852a56c2966cf18835db62d9b34fef7ba74c726ad943928d494fa7f4735",
                "sha256:86172b0831b82ce4f7877f280055892b31179e1576aa00d0df3bb1bbf8c3e524",
                "sha256:89b54027a766529136a06cfebeecb3a04900397a3590fd252160b888479517bf",
                "sha256:89c7e895002bbe49cdc5426150377cbbc04767d7547ed145473f496dfa40408b",
                "sha256:8b7e5304e34942bf62e15184219a7b5ad4ff7f3bb5cca4d984f37df1a0e1aee2",
                "sha256:8fd420ef0c52c88b5a035a0886f367748c72147b2b8f384c9d12656678dfdfa9",
                "sha256:98edb152429ab62a1818039744d8fbb3ccab98a7c29fc3d5fcef158f3f1f68b7",
                "sha256:99c1506ea77c11531d75e3a412832a13a71c7ebc8192ab9e4b2e355555920e3e",
                "sha256:9ad8fa5937ab05218e2b6a4cff30295ad35afd2f83ac592e68c0d871bb0fdbc4",
                "sha256:9f51079765661884a486727f0729d29054242f74b46186026582b4e4769918e4",
                "sha256:a003d7422449f6d1e3a34e3dd4110c22148336918ddbfc6a32581cd54b2e0b2b",
                "sha256:a0b1cd6232e2b618adcc54d9882e4e662a089d5768cd188f7c245b4c8c44a397",
                "sha256:a285e3eb7a5a45a2ff504e31f4a8d1b12ef62e84e5411c6804a42197c1cf586c",
                "sha256:a37691702ed687799de29a518d63d4682d9016932db66d4e90c345831b02fb4e",
                "sha256:a550ae29b95c6dc13cf69e2c9dc5747f814c54eeb2e32d683e5e93af56caa029",
                "sha256:ab174cd7d29a62dd139c44bf74b698039328f45cb03b4596c43473a46656b2f3",
                "sha256:ab323b787d6e18b3d91a72fc99b1a2c28651e4358749842b8f8dfacd28ef2052",
                "sha256:adebb5bee0f0af4909c30db0d890c773d1a92ffe83da908e2e9e720f8edf3984",
                "sha256:aee2810642b2898bb187ced9b349e95d2a7272930796e022efaf12e99dccd293",
                "sha256:af9a332e572978f0218686636610555ae3defd1633597be015ed50289a03c523",
                "sha256:b574c51cf7d5d62e9be37ba446224b59a2da26dc4c1bb2ecbe936a4fb1a7cb7f",
                "sha256:b66e95d05ba806247aaa1561f080abc7975daf715c30780ff92a20e4ec546e1b",
                "sha256:b81b5e3511211631b3f672a595e3221252c90af017e399056d0faabb9538aa80",
                "sha256:b957b71c6b2387610f556a7eb0828afbe40b4a98036fc0d2acfa5a44a0c2036f",
                "sha256:bb66b7cc26f50977108790e2456b7921e773f23db5630261102233eb355a3b79",
                "sha256:c6008de247150668a705a6338156efb92334113421ceecf7438a12c9a12dab23",
                "sha256:c7697918b5be27424e9ce568193efd13d925c4481dd364e43f5dff72d33e10f8",
                "sha256:cb9bb857b2d057c6dfc72ac5f3b44836924ba15721882ef103cecb40d002d80e",
                "sha256:cc7d296b5ea4d29e6570dabeaed58d31c3fea35a633a69679fb03d7664f43fb3",
                "sha256:d242e8ac078781f1de88bf823d70c1a9b3c7950a44cdf4b7c012e22ccbcd8e4e",
                "sha256:d2912fd8114fc5545aa3a4b5576512f64c55a03f3ebcca4c10194d593d43ea36",
                "sha256:d470ab1178551dd17fdba0fef463359c41aaa613cdcd7ff8373f54be629f9f8f",
                "sha256:d4ce8e329c93845720cd2014659ca67eac35f6433fd3050393d85f3ecef0dad5",
                "sha256:d6e4571eedf43af33d0fc233a382a76e849badbccdf1ac438841308652a08e1f",
                "sha256:e65498daf4b583091ccbb2556c7000abf0f3349fcd57ef7adc9a84a394ed29f6",
                "sha256:e879bb6cd5c73848ef3b2b48b8af9ff08c5b71ecda8048b7dd22d8a33f60be32",
                "sha256:e9e8064fb1cc019296958595f6db671fba95209e3ceb0c4734c9baf97de04b20",
                "sha256:f7ed2c6543bad5a7d5530eb9e78c53132f93dfa44a28492db88b41cdab885202",
                "sha256:f95c00d5d6700b2b890479664a06e754974848afaae5e21beb4d83c106923fd0",
                "sha256:f975aa7ef9684ce7e2c18a3aa8f8e2106ce1e46b94ab713d156b2898811651d3",
                "sha256:fbfa2a7c10cc2623f412753cddf391c7f971c52ca40a3f65dc5039b2939e8563",
                "sha256:fc354a04072b765eccf2204f588a7a532c9511e8b9c7f900e1b64e3e33487090",
                "sha256:fc44ef1f3de4f45b50ccf9136999d71abb99dca7706bc75d222ed350b9fd2289"
            ],
            "index": "pypi",
            "markers": "python_version >= '3.10'",
            "version": "==12.1.1"
        },
        "prompt-toolkit": {
            "hashes": [
                "sha256:28cde192929c8e7321de85de1ddbe736f1375148b02f2e17edd840042b1be855",
                "sha256:9aac639a3bbd33284347de5ad8d68ecc044b91a762dc39b7c21095fcd6a19955"
            ],
            "markers": "python_version >= '3.8'",
            "version": "==3.0.52"
        },
        "psycopg2-binary": {
            "hashes": [
                "sha256:00ce1830d971f43b667abe4a56e42c1e2d594b32da4802e44a73bacacb25535f",
                "sha256:04195548662fa544626c8ea0f06561eb6203f1984ba5b4562764fbeb4c3d14b1",
                "sha256:0da4de5c1ac69d94ed4364b6cbe7190c1a70d325f112ba783d83f8440285f152",
                "sha256:0e8480afd62362d0a6a27dd09e4ca2def6fa50ed3a4e7c09165266106b2ffa10",
                "sha256:20e7fb94e20b03dcc783f76c0865f9da39559dcc0c28dd1a3fce0d01902a6b9c",
                "sha256:2c226ef95eb2250974bf6fa7a842082b31f68385c4f3268370e3f3870e7859ee",
                "sha256:2d11098a83cca92deaeaed3d58cfd150d49b3b06ee0d0852be466bf87596899e",
                "sha256:2e164359396576a3cc701ba8af4751ae68a07235d7a380c631184a611220d9a4",
                "sha256:304fd7b7f97eef30e91b8f7e720b3db75fee010b520e434ea35ed1ff22501d03",
                "sha256:31b32c457a6025e74d233957cc9736742ac5a6cb196c6b68499f6bb51390bd6a",
                "sha256:32770a4d666fbdafab017086655bcddab791d7cb260a16679cc5a7338b64343b",
                "sha256:366df99e710a2acd90efed3764bb1e28df6c675d33a7fb40df9b7281694432ee",
                "sha256:37d8412565a7267f7d79e29ab66876e55cb5e8e7b3bbf94f8206f6795f8f7e7e",
                "sha256:4012c9c954dfaccd28f94e84ab9f94e12df76b4afb22331b1f0d3154893a6316",
                "sha256:41360b01c140c2a03d346cec3280cf8a71aa07d94f3b1509fa0161c366af66b4",
                "sha256:44fc5c2b8fa871ce7f0023f619f1349a0aa03a0857f2c96fbc01c657dcbbdb49",
                "sha256:47f212c1d3be608a12937cc131bd85502954398aaa1320cb4c14421a0ffccf4c",
                "sha256:4bdab48575b6f870f465b397c38f1b415520e9879fdf10a53ee4f49dcbdf8a21",
                "sha256:4dca1f356a67ecb68c81a7bc7809f1569ad9e152ce7fd02c2f2036862ca9f66b",
                "sha256:5c6ff3335ce08c75afaed19e08699e8aacf95d4a260b495a4a8545244fe2ceb3",
                "sha256:5f3f2732cf504a1aa9e9609d02f79bea1067d99edf844ab92c247bbca143303b",
                "sha256:62b6d93d7c0b61a1dd6197d208ab613eb7dcfdcca0a49c42ceb082257991de9d",
                "sha256:691c807d94aecfbc76a14e1408847d59ff5b5906a04a23e12a89007672b9e819",
                "sha256:763c93ef1df3da6d1a90f86ea7f3f806dc06b21c198fa87c3c25504abec9404a",
                "sha256:84011ba3109e06ac412f95399b704d3d6950e386b7994475b231cf61eec2fc1f",
                "sha256:865f9945ed1b3950d968ec4690ce68c55019d79e4497366d36e090327ce7db14",
                "sha256:875039274f8a2361e5207857899706da840768e2a775bf8c65e82f60b197df02",
                "sha256:8b81627b691f29c4c30a8f322546ad039c40c328373b11dff7490a3e1b517855",
                "sha256:8c55b385daa2f92cb64b12ec4536c66954ac53654c7f15a203578da4e78105c0",
                "sha256:91537a8df2bde69b1c1db01d6d944c831ca793952e4f57892600e96cee95f2cd",
                "sha256:92e3b669236327083a2e33ccfa0d320dd01b9803b3e14dd986a4fc54aa00f4e1",
                "sha256:9b52a3f9bb540a3e4ec0f6ba6d31339727b2950c9772850d6545b7eae0b9d7c5",
                "sha256:9bd81e64e8de111237737b29d68039b9c813bdf520156af36d26819c9a979e5f",
                "sha256:9c55460033867b4622cda1b6872edf445809535144152e5d14941ef591980edf",
                "sha256:9d3a9edcfbe77a3ed4bc72836d466dfce4174beb79eda79ea155cc77237ed9e8",
                "sha256:a1cf393f1cdaf6a9b57c0a719a1068ba1069f022a59b8b1fe44b006745b59757",
                "sha256:a28d8c01a7b27a1e3265b11250ba7557e5f72b5ee9e5f3a2fa8d2949c29bf5d2",
                "sha256:a311f1edc9967723d3511ea7d2708e2c3592e3405677bf53d5c7246753591fbb",
                "sha256:a6c0e4262e089516603a09474ee13eabf09cb65c332277e39af68f6233911087",
                "sha256:ab8905b5dcb05bf3fb22e0cf90e10f469563486ffb6a96569e51f897c750a76a",
                "sha256:b31e90fdd0f968c2de3b26ab014314fe814225b6c324f770952f7d38abf17e3c",
                "sha256:b33fabeb1fde21180479b2d4667e994de7bbf0eec22832ba5d9b5e4cf65b6c6d",
                "sha256:b637d6d941209e8d96a072d7977238eea128046effbf37d1d8b2c0764750017d",
                "sha256:b6aed9e096bf63f9e75edf2581aa9a7e7186d97ab5c177aa6c87797cd591236c",
                "sha256:b8fb3db325435d34235b044b199e56cdf9ff41223a4b9752e8576465170bb38c",
                "sha256:ba34475ceb08cccbdd98f6b46916917ae6eeb92b5ae111df10b544c3a4621dc4",
                "sha256:be9b840ac0525a283a96b556616f5b4820e0526addb8dcf6525a0fa162730be4",
                "sha256:bf940cd7e7fec19181fdbc29d76911741153d51cab52e5c21165f3262125685e",
                "sha256:c0377174bf1dd416993d16edc15357f6eb17ac998244cca19bc67cdc0e2e5766",
                "sha256:c3cb3a676873d7506825221045bd70e0427c905b9c8ee8d6acd70cfcbd6e576d",
                "sha256:c47676e5b485393f069b4d7a811267d3168ce46f988fa602658b8bb901e9e64d",
                "sha256:c665f01ec8ab273a61c62beeb8cce3014c214429ced8a308ca1fc410ecac3a39",
                "sha256:cffe9d7697ae7456649617e8bb8d7a45afb71cd13f7ab22af3e5c61f04840908",
                "sha256:d526864e0f67f74937a8fce859bd56c979f5e2ec57ca7c627f5f1071ef7fee60",
                "sha256:d57c9c387660b8893093459738b6abddbb30a7eab058b77b0d0d1c7d521ddfd7",
                "sha256:d6fe6b47d0b42ce1c9f1fa3e35bb365011ca22e39db37074458f27921dca40f2",
                "sha256:db4fd476874ccfdbb630a54426964959e58da4c61c9feba73e6094d51303d7d8",
                "sha256:e0deeb03da539fa3577fcb0b3f2554a97f7e5477c246098dbb18091a4a01c16f",
                "sha256:e35b7abae2b0adab776add56111df1735ccc71406e56203515e228a8dc07089f",
                "sha256:ebb415404821b6d1c47353ebe9c8645967a5235e6d88f914147e7fd411419e6f",
                "sha256:edcb3aeb11cb4bf13a2af3c53a15b3d612edeb6409047ea0b5d6a21a9d744b34",
                "sha256:ef7a6beb4beaa62f88592ccc65df20328029d721db309cb3250b0aae0fa146c3",
                "sha256:efff12b432179443f54e230fdf60de1f6cc726b6c832db8701227d089310e8aa",
                "sha256:f07c9c4a5093258a03b28fab9b4f151aa376989e7f35f855088234e656ee6a94",
                "sha256:f090b7ddd13ca842ebfe301cd587a76a4cf0913b1e429eb92c1be5dbeb1a19bc",
                "sha256:fa0f693d3c68ae925966f0b14b8edda71696608039f4ed61b1fe9ffa468d16db",
                "sha256:fcf21be3ce5f5659daefd2b3b3b6e4727b028221ddc94e6c1523425579664747"
            ],
            "index": "pypi",
            "markers": "python_version >= '3.9'",
            "version": "==2.9.11"
        },
        "python-dateutil": {
            "hashes": [
                "sha256:0123cacc1627ae19ddf3c27a5de5bd67ee4586fbdd6440d9748f8abb483d3e86",
                "sha256:961d03dc3453ebbc59dbdea9e4e11c5651520a876d0f4db161e8674aae935da9"
            ],
            "index": "pypi",
            "markers": "python_version >= '2.7' and python_version not in '3.0, 3.1, 3.2, 3.3'",
            "version": "==2.8.2"
        },
        "python-decouple": {
            "hashes": [
                "sha256:ba6e2657d4f376ecc46f77a3a615e058d93ba5e465c01bbe57289bfb7cce680f",
                "sha256:d0d45340815b25f4de59c974b855bb38d03151d81b037d9e3f463b0c9f8cbd66"
            ],
            "index": "pypi",
            "version": "==3.8"
        },
        "python-dotenv": {
            "hashes": [
                "sha256:1c93de8f636cde3ce377292818d0e440b6e45a82f215c3744979151fa8151c49",
                "sha256:41e12e0318bebc859fcc4d97d4db8d20ad21721a6aa5047dd59f090391cb549a"
            ],
            "index": "pypi",
            "markers": "python_version >= '3.7'",
            "version": "==0.21.1"
        },
        "python-ipware": {
            "hashes": [
                "sha256:1992920ef553165dfa35e6ea5a90762f64f3b943cc22ee6b4ec02e2c86d31178",
                "sha256:9ba4805152ebb85ad5b53797185cd1ce6231e1db60155834f326c8cd61e8af34"
            ],
            "index": "pypi",
            "markers": "python_version >= '3.7'",
            "version": "==2.0.1"
        },
        "pytz": {
            "hashes": [
                "sha256:7b4fddbeb94a1eba4b557da24f19fdf9db575192544270a9101d8509f9f43d7b",
                "sha256:ce42d816b81b68506614c11e8937d3aa9e41007ceb50bfdcb0749b921bf646c7"
            ],
            "index": "pypi",
            "version": "==2023.3.post1"
        },
        "redis": {
            "hashes": [
                "sha256:64a6ea7bf567ad43c964d2c30d82853f8df927c5c9017766c55a1d1ed95d18ad",
                "sha256:a9c74a5c893a5ef8455a5adb793a31bb70feb821c86eccb62eebef5a19c429ec"
            ],
            "index": "pypi",
            "markers": "python_version >= '3.10'",
            "version": "==7.4.0"
        },
        "requests": {
            "hashes": [
                "sha256:64299f4909223da747622c030b781c0d7811e359c37124b4bd368fb8c6518baa",
                "sha256:98b1b2782e3c6c4904938b84c0eb932721069dfdb9134313beff7c83c2df24bf"
            ],
            "index": "pypi",
            "markers": "python_version >= '3.7' and python_version < '4'",
            "version": "==2.28.2"
        },
        "resend": {
            "hashes": [
                "sha256:9535eeb1377bc31a5b00be2ed9df02b4bad0eb246f01b6d135bef6f77a02e32b",
                "sha256:b44f59e17bbf05e8f9e2e04ea82372f40c3763a57881301f09f28b80aa5556b3"
            ],
            "index": "pypi",
            "markers": "python_version >= '3.8'",
            "version": "==0.1.0"
        },
        "s3transfer": {
            "hashes": [
                "sha256:368ac6876a9e9ed91f6bc86581e319be08188dc60d50e0d56308ed5765446283",
                "sha256:c9e56cbe88b28d8e197cf841f1f0c130f246595e77ae5b5a05b69fe7cb83de76"
            ],
            "index": "pypi",
            "markers": "python_version >= '3.7'",
            "version": "==0.8.2"
        },
        "setuptools": {
            "hashes": [
                "sha256:7d872682c5d01cfde07da7bccc7b65469d3dca203318515ada1de5eda35efbf9",
                "sha256:a59e362652f08dcd477c78bb6e7bd9d80a7995bc73ce773050228a348ce2e5bb"
            ],
            "markers": "python_version >= '3.9'",
            "version": "==82.0.1"
        },
        "six": {
            "hashes": [
                "sha256:1e61c37477a1626458e36f7b1d82aa5c9b094fa4802892072e49de9c60c4c926",
                "sha256:8abb2f1d86890a2dfb989f9a77cfcfd3e47c2a354b01111771326f8aa26e0254"
            ],
            "index": "pypi",
            "markers": "python_version >= '2.7' and python_version not in '3.0, 3.1, 3.2, 3.3'",
            "version": "==1.16.0"
        },
        "sqlparse": {
            "hashes": [
                "sha256:0323c0ec29cd52bceabc1b4d9d579e311f3e4961b98d174201d5622a23b85e34",
                "sha256:69ca804846bb114d2ec380e4360a8a340db83f0ccf3afceeb1404df028f57268"
            ],
            "index": "pypi",
            "markers": "python_version >= '3.5'",
            "version": "==0.4.3"
        },
        "typing-extensions": {
            "hashes": [
                "sha256:0cea48d173cc12fa28ecabc3b837ea3cf6f38c6d1136f85cbaaf598984861466",
                "sha256:f0fa19c6845758ab08074a0cfa8b7aecb71c999ca73d62883bc25cc018c4e548"
            ],
            "markers": "python_version >= '3.9'",
            "version": "==4.15.0"
        },
        "tzdata": {
            "hashes": [
                "sha256:11ef1e08e54acb0d4f95bdb1be05da659673de4acbd21bf9c69e94cc5e907a3a",
                "sha256:7e65763eef3120314099b6939b5546db7adce1e7d6f2e179e3df563c70511eda"
            ],
            "index": "pypi",
            "markers": "python_version >= '2'",
            "version": "==2023.3"
        },
        "urllib3": {
            "hashes": [
                "sha256:8a388717b9476f934a21484e8c8e61875ab60644d29b9b39e11e4b9dc1c6b305",
                "sha256:aa751d169e23c7479ce47a0cb0da579e3ede798f994f5816a74e4f4500dcea42"
            ],
            "index": "pypi",
            "markers": "python_version >= '2.7' and python_version not in '3.0, 3.1, 3.2, 3.3, 3.4, 3.5'",
            "version": "==1.26.15"
        },
        "vine": {
            "hashes": [
                "sha256:40fdf3c48b2cfe1c38a49e9ae2da6fda88e4794c810050a728bd7413811fb1dc",
                "sha256:8b62e981d35c41049211cf62a0a1242d8c1ee9bd15bb196ce38aefd6799e61e0"
            ],
            "markers": "python_version >= '3.6'",
            "version": "==5.1.0"
        },
        "wcwidth": {
            "hashes": [
                "sha256:1a3a1e510b553315f8e146c54764f4fb6264ffad731b3d78088cdb1478ffbdad",
                "sha256:cdc4e4262d6ef9a1a57e018384cbeb1208d8abbc64176027e2c2455c81313159"
            ],
            "markers": "python_version >= '3.8'",
            "version": "==0.6.0"
        },
        "whitenoise": {
            "hashes": [
                "sha256:599dc6ca57e48929dfeffb2e8e187879bfe2aed0d49ca419577005b7f2cc930b",
                "sha256:a02d6660ad161ff17e3042653c8e3f5ecbb2a2481a006bde125b9efb9a30113a"
            ],
            "index": "pypi",
            "markers": "python_version >= '3.7'",
            "version": "==6.4.0"
        }
    },
    "develop": {}
}
